// !$*UTF8*$!
{
	archiveVersion = 1;
	classes = {
	};
	objectVersion = 50;
	objects = {

/* Begin PBXBuildFile section */
		9B067EC6222DE2FA000E5653 /* AppDelegate.swift in Sources */ = {isa = PBXBuildFile; fileRef = 9B067EC5222DE2FA000E5653 /* AppDelegate.swift */; };
		9B067EC8222DE2FA000E5653 /* ViewController.swift in Sources */ = {isa = PBXBuildFile; fileRef = 9B067EC7222DE2FA000E5653 /* ViewController.swift */; };
		9B067ECB222DE2FA000E5653 /* Main.storyboard in Resources */ = {isa = PBXBuildFile; fileRef = 9B067EC9222DE2FA000E5653 /* Main.storyboard */; };
		9B067ECD222DE2FC000E5653 /* Assets.xcassets in Resources */ = {isa = PBXBuildFile; fileRef = 9B067ECC222DE2FC000E5653 /* Assets.xcassets */; };
		9B067ED0222DE2FC000E5653 /* LaunchScreen.storyboard in Resources */ = {isa = PBXBuildFile; fileRef = 9B067ECE222DE2FC000E5653 /* LaunchScreen.storyboard */; };
		9B067ED8222DE8A4000E5653 /* UPCarouselFlowLayout.swift in Sources */ = {isa = PBXBuildFile; fileRef = 9B067ED7222DE8A4000E5653 /* UPCarouselFlowLayout.swift */; };
		9B067EE1222DEA86000E5653 /* VideoPlayingCell.swift in Sources */ = {isa = PBXBuildFile; fileRef = 9B067EDF222DEA86000E5653 /* VideoPlayingCell.swift */; };
		9B067EE2222DEA86000E5653 /* VideoPlayingCell.xib in Resources */ = {isa = PBXBuildFile; fileRef = 9B067EE0222DEA86000E5653 /* VideoPlayingCell.xib */; };
		9B067EE5222DF4F2000E5653 /* K9Advantix.mp4 in Resources */ = {isa = PBXBuildFile; fileRef = 9B067EE4222DF4F2000E5653 /* K9Advantix.mp4 */; };
		9B067EE7222DF525000E5653 /* Sargento.mp4 in Resources */ = {isa = PBXBuildFile; fileRef = 9B067EE6222DF525000E5653 /* Sargento.mp4 */; };
		9B067EE9222DF555000E5653 /* HowDoes.mp4 in Resources */ = {isa = PBXBuildFile; fileRef = 9B067EE8222DF555000E5653 /* HowDoes.mp4 */; };
		9B067EEB222DF576000E5653 /* RiceKrispies.mp4 in Resources */ = {isa = PBXBuildFile; fileRef = 9B067EEA222DF576000E5653 /* RiceKrispies.mp4 */; };
		9B067EED222DF5AF000E5653 /* Gorilla2018.mp4 in Resources */ = {isa = PBXBuildFile; fileRef = 9B067EEC222DF5AF000E5653 /* Gorilla2018.mp4 */; };
		9B067EEF222DF5E6000E5653 /* ReeseEggs.mp4 in Resources */ = {isa = PBXBuildFile; fileRef = 9B067EEE222DF5E6000E5653 /* ReeseEggs.mp4 */; };
		9B067EF5222DFABC000E5653 /* Video.swift in Sources */ = {isa = PBXBuildFile; fileRef = 9B067EF4222DFABC000E5653 /* Video.swift */; };
		9B067EF9222E9D2B000E5653 /* VideoView.swift in Sources */ = {isa = PBXBuildFile; fileRef = 9B067EF8222E9D2B000E5653 /* VideoView.swift */; };
		9B067EFB222E9EFC000E5653 /* VideosListView.swift in Sources */ = {isa = PBXBuildFile; fileRef = 9B067EFA222E9EFC000E5653 /* VideosListView.swift */; };
/* End PBXBuildFile section */

/* Begin PBXFileReference section */
		9B067EC2222DE2FA000E5653 /* Feedeos.app */ = {isa = PBXFileReference; explicitFileType = wrapper.application; includeInIndex = 0; path = Feedeos.app; sourceTree = BUILT_PRODUCTS_DIR; };
		9B067EC5222DE2FA000E5653 /* AppDelegate.swift */ = {isa = PBXFileReference; lastKnownFileType = sourcecode.swift; path = AppDelegate.swift; sourceTree = "<group>"; };
		9B067EC7222DE2FA000E5653 /* ViewController.swift */ = {isa = PBXFileReference; lastKnownFileType = sourcecode.swift; path = ViewController.swift; sourceTree = "<group>"; };
		9B067ECA222DE2FA000E5653 /* Base */ = {isa = PBXFileReference; lastKnownFileType = file.storyboard; name = Base; path = Base.lproj/Main.storyboard; sourceTree = "<group>"; };
		9B067ECC222DE2FC000E5653 /* Assets.xcassets */ = {isa = PBXFileReference; lastKnownFileType = folder.assetcatalog; path = Assets.xcassets; sourceTree = "<group>"; };
		9B067ECF222DE2FC000E5653 /* Base */ = {isa = PBXFileReference; lastKnownFileType = file.storyboard; name = Base; path = Base.lproj/LaunchScreen.storyboard; sourceTree = "<group>"; };
		9B067ED1222DE2FC000E5653 /* Info.plist */ = {isa = PBXFileReference; lastKnownFileType = text.plist.xml; path = Info.plist; sourceTree = "<group>"; };
		9B067ED7222DE8A4000E5653 /* UPCarouselFlowLayout.swift */ = {isa = PBXFileReference; fileEncoding = 4; lastKnownFileType = sourcecode.swift; path = UPCarouselFlowLayout.swift; sourceTree = "<group>"; };
		9B067EDF222DEA86000E5653 /* VideoPlayingCell.swift */ = {isa = PBXFileReference; lastKnownFileType = sourcecode.swift; path = VideoPlayingCell.swift; sourceTree = "<group>"; };
		9B067EE0222DEA86000E5653 /* VideoPlayingCell.xib */ = {isa = PBXFileReference; lastKnownFileType = file.xib; path = VideoPlayingCell.xib; sourceTree = "<group>"; };
		9B067EE4222DF4F2000E5653 /* K9Advantix.mp4 */ = {isa = PBXFileReference; lastKnownFileType = file; path = K9Advantix.mp4; sourceTree = "<group>"; };
		9B067EE6222DF525000E5653 /* Sargento.mp4 */ = {isa = PBXFileReference; lastKnownFileType = file; path = Sargento.mp4; sourceTree = "<group>"; };
		9B067EE8222DF555000E5653 /* HowDoes.mp4 */ = {isa = PBXFileReference; lastKnownFileType = file; path = HowDoes.mp4; sourceTree = "<group>"; };
		9B067EEA222DF576000E5653 /* RiceKrispies.mp4 */ = {isa = PBXFileReference; lastKnownFileType = file; path = RiceKrispies.mp4; sourceTree = "<group>"; };
		9B067EEC222DF5AF000E5653 /* Gorilla2018.mp4 */ = {isa = PBXFileReference; lastKnownFileType = file; path = Gorilla2018.mp4; sourceTree = "<group>"; };
		9B067EEE222DF5E6000E5653 /* ReeseEggs.mp4 */ = {isa = PBXFileReference; lastKnownFileType = file; path = ReeseEggs.mp4; sourceTree = "<group>"; };
		9B067EF4222DFABC000E5653 /* Video.swift */ = {isa = PBXFileReference; lastKnownFileType = sourcecode.swift; path = Video.swift; sourceTree = "<group>"; };
		9B067EF8222E9D2B000E5653 /* VideoView.swift */ = {isa = PBXFileReference; lastKnownFileType = sourcecode.swift; path = VideoView.swift; sourceTree = "<group>"; };
		9B067EFA222E9EFC000E5653 /* VideosListView.swift */ = {isa = PBXFileReference; lastKnownFileType = sourcecode.swift; path = VideosListView.swift; sourceTree = "<group>"; };
/* End PBXFileReference section */

/* Begin PBXFrameworksBuildPhase section */
		9B067EBF222DE2FA000E5653 /* Frameworks */ = {
			isa = PBXFrameworksBuildPhase;
			buildActionMask = 2147483647;
			files = (
			);
			runOnlyForDeploymentPostprocessing = 0;
		};
/* End PBXFrameworksBuildPhase section */

/* Begin PBXGroup section */
		9B067EB9222DE2FA000E5653 = {
			isa = PBXGroup;
			children = (
				9B067EC4222DE2FA000E5653 /* Feedeos */,
				9B067EC3222DE2FA000E5653 /* Products */,
			);
			sourceTree = "<group>";
		};
		9B067EC3222DE2FA000E5653 /* Products */ = {
			isa = PBXGroup;
			children = (
				9B067EC2222DE2FA000E5653 /* Feedeos.app */,
			);
			name = Products;
			sourceTree = "<group>";
		};
		9B067EC4222DE2FA000E5653 /* Feedeos */ = {
			isa = PBXGroup;
			children = (
				9B067EC5222DE2FA000E5653 /* AppDelegate.swift */,
				9B067EC7222DE2FA000E5653 /* ViewController.swift */,
				9B067EDF222DEA86000E5653 /* VideoPlayingCell.swift */,
				9B067EE0222DEA86000E5653 /* VideoPlayingCell.xib */,
				9B067EF1222DFA69000E5653 /* ViewModels */,
				9B067EF0222DFA57000E5653 /* DataModels */,
				9B067EE3222DF40D000E5653 /* VideoFiles */,
				9B067EC9222DE2FA000E5653 /* Main.storyboard */,
				9B067ED7222DE8A4000E5653 /* UPCarouselFlowLayout.swift */,
				9B067ECC222DE2FC000E5653 /* Assets.xcassets */,
				9B067ECE222DE2FC000E5653 /* LaunchScreen.storyboard */,
				9B067ED1222DE2FC000E5653 /* Info.plist */,
			);
			path = Feedeos;
			sourceTree = "<group>";
		};
		9B067EE3222DF40D000E5653 /* VideoFiles */ = {
			isa = PBXGroup;
			children = (
				9B067EE4222DF4F2000E5653 /* K9Advantix.mp4 */,
				9B067EE6222DF525000E5653 /* Sargento.mp4 */,
				9B067EE8222DF555000E5653 /* HowDoes.mp4 */,
				9B067EEA222DF576000E5653 /* RiceKrispies.mp4 */,
				9B067EEC222DF5AF000E5653 /* Gorilla2018.mp4 */,
				9B067EEE222DF5E6000E5653 /* ReeseEggs.mp4 */,
			);
			path = VideoFiles;
			sourceTree = "<group>";
		};
		9B067EF0222DFA57000E5653 /* DataModels */ = {
			isa = PBXGroup;
			children = (
				9B067EF4222DFABC000E5653 /* Video.swift */,
			);
			path = DataModels;
			sourceTree = "<group>";
		};
		9B067EF1222DFA69000E5653 /* ViewModels */ = {
			isa = PBXGroup;
			children = (
				9B067EF8222E9D2B000E5653 /* VideoView.swift */,
				9B067EFA222E9EFC000E5653 /* VideosListView.swift */,
			);
			path = ViewModels;
			sourceTree = "<group>";
		};
/* End PBXGroup section */

/* Begin PBXNativeTarget section */
		9B067EC1222DE2FA000E5653 /* Feedeos */ = {
			isa = PBXNativeTarget;
			buildConfigurationList = 9B067ED4222DE2FC000E5653 /* Build configuration list for PBXNativeTarget "Feedeos" */;
			buildPhases = (
				9B067EBE222DE2FA000E5653 /* Sources */,
				9B067EBF222DE2FA000E5653 /* Frameworks */,
				9B067EC0222DE2FA000E5653 /* Resources */,
			);
			buildRules = (
			);
			dependencies = (
			);
			name = Feedeos;
			productName = Feedeos;
			productReference = 9B067EC2222DE2FA000E5653 /* Feedeos.app */;
			productType = "com.apple.product-type.application";
		};
/* End PBXNativeTarget section */

/* Begin PBXProject section */
		9B067EBA222DE2FA000E5653 /* Project object */ = {
			isa = PBXProject;
			attributes = {
				LastSwiftUpdateCheck = 1010;
				LastUpgradeCheck = 1010;
				ORGANIZATIONNAME = boqiancheng;
				TargetAttributes = {
					9B067EC1222DE2FA000E5653 = {
						CreatedOnToolsVersion = 10.1;
					};
				};
			};
			buildConfigurationList = 9B067EBD222DE2FA000E5653 /* Build configuration list for PBXProject "Feedeos" */;
			compatibilityVersion = "Xcode 9.3";
			developmentRegion = en;
			hasScannedForEncodings = 0;
			knownRegions = (
				en,
				Base,
			);
			mainGroup = 9B067EB9222DE2FA000E5653;
			productRefGroup = 9B067EC3222DE2FA000E5653 /* Products */;
			projectDirPath = "";
			projectRoot = "";
			targets = (
				9B067EC1222DE2FA000E5653 /* Feedeos */,
			);
		};
/* End PBXProject section */

/* Begin PBXResourcesBuildPhase section */
		9B067EC0222DE2FA000E5653 /* Resources */ = {
			isa = PBXResourcesBuildPhase;
			buildActionMask = 2147483647;
			files = (
				9B067EED222DF5AF000E5653 /* Gorilla2018.mp4 in Resources */,
				9B067EE2222DEA86000E5653 /* VideoPlayingCell.xib in Resources */,
				9B067EE5222DF4F2000E5653 /* K9Advantix.mp4 in Resources */,
				9B067ED0222DE2FC000E5653 /* LaunchScreen.storyboard in Resources */,
				9B067ECD222DE2FC000E5653 /* Assets.xcassets in Resources */,
				9B067EEB222DF576000E5653 /* RiceKrispies.mp4 in Resources */,
				9B067EEF222DF5E6000E5653 /* ReeseEggs.mp4 in Resources */,
				9B067EE7222DF525000E5653 /* Sargento.mp4 in Resources */,
				9B067ECB222DE2FA000E5653 /* Main.storyboard in Resources */,
				9B067EE9222DF555000E5653 /* HowDoes.mp4 in Resources */,
			);
			runOnlyForDeploymentPostprocessing = 0;
		};
/* End PBXResourcesBuildPhase section */

/* Begin PBXSourcesBuildPhase section */
		9B067EBE222DE2FA000E5653 /* Sources */ = {
			isa = PBXSourcesBuildPhase;
			buildActionMask = 2147483647;
			files = (
				9B067EFB222E9EFC000E5653 /* VideosListView.swift in Sources */,
				9B067EE1222DEA86000E5653 /* VideoPlayingCell.swift in Sources */,
				9B067EF9222E9D2B000E5653 /* VideoView.swift in Sources */,
				9B067EC8222DE2FA000E5653 /* ViewController.swift in Sources */,
				9B067EC6222DE2FA000E5653 /* AppDelegate.swift in Sources */,
				9B067ED8222DE8A4000E5653 /* UPCarouselFlowLayout.swift in Sources */,
				9B067EF5222DFABC000E5653 /* Video.swift in Sources */,
			);
			runOnlyForDeploymentPostprocessing = 0;
		};
/* End PBXSourcesBuildPhase section */

/* Begin PBXVariantGroup section */
		9B067EC9222DE2FA000E5653 /* Main.storyboard */ = {
			isa = PBXVariantGroup;
			children = (
				9B067ECA222DE2FA000E5653 /* Base */,
			);
			name = Main.storyboard;
			sourceTree = "<group>";
		};
		9B067ECE222DE2FC000E5653 /* LaunchScreen.storyboard */ = {
			isa = PBXVariantGroup;
			children = (
				9B067ECF222DE2FC000E5653 /* Base */,
			);
			name = LaunchScreen.storyboard;
			sourceTree = "<group>";
		};
/* End PBXVariantGroup section */

/* Begin XCBuildConfiguration section */
		9B067ED2222DE2FC000E5653 /* Debug */ = {
			isa = XCBuildConfiguration;
			buildSettings = {
				ALWAYS_SEARCH_USER_PATHS = NO;
				CLANG_ANALYZER_NONNULL = YES;
				CLANG_ANALYZER_NUMBER_OBJECT_CONVERSION = YES_AGGRESSIVE;
				CLANG_CXX_LANGUAGE_STANDARD = "gnu++14";
				CLANG_CXX_LIBRARY = "libc++";
				CLANG_ENABLE_MODULES = YES;
				CLANG_ENABLE_OBJC_ARC = YES;
				CLANG_ENABLE_OBJC_WEAK = YES;
				CLANG_WARN_BLOCK_CAPTURE_AUTORELEASING = YES;
				CLANG_WARN_BOOL_CONVERSION = YES;
				CLANG_WARN_COMMA = YES;
				CLANG_WARN_CONSTANT_CONVERSION = YES;
				CLANG_WARN_DEPRECATED_OBJC_IMPLEMENTATIONS = YES;
				CLANG_WARN_DIRECT_OBJC_ISA_USAGE = YES_ERROR;
				CLANG_WARN_DOCUMENTATION_COMMENTS = YES;
				CLANG_WARN_EMPTY_BODY = YES;
				CLANG_WARN_ENUM_CONVERSION = YES;
				CLANG_WARN_INFINITE_RECURSION = YES;
				CLANG_WARN_INT_CONVERSION = YES;
				CLANG_WARN_NON_LITERAL_NULL_CONVERSION = YES;
				CLANG_WARN_OBJC_IMPLICIT_RETAIN_SELF = YES;
				CLANG_WARN_OBJC_LITERAL_CONVERSION = YES;
				CLANG_WARN_OBJC_ROOT_CLASS = YES_ERROR;
				CLANG_WARN_RANGE_LOOP_ANALYSIS = YES;
				CLANG_WARN_STRICT_PROTOTYPES = YES;
				CLANG_WARN_SUSPICIOUS_MOVE = YES;
				CLANG_WARN_UNGUARDED_AVAILABILITY = YES_AGGRESSIVE;
				CLANG_WARN_UNREACHABLE_CODE = YES;
				CLANG_WARN__DUPLICATE_METHOD_MATCH = YES;
				CODE_SIGN_IDENTITY = "iPhone Developer";
				COPY_PHASE_STRIP = NO;
				DEBUG_INFORMATION_FORMAT = dwarf;
				ENABLE_STRICT_OBJC_MSGSEND = YES;
				ENABLE_TESTABILITY = YES;
				GCC_C_LANGUAGE_STANDARD = gnu11;
				GCC_DYNAMIC_NO_PIC = NO;
				GCC_NO_COMMON_BLOCKS = YES;
				GCC_OPTIMIZATION_LEVEL = 0;
				GCC_PREPROCESSOR_DEFINITIONS = (
					"DEBUG=1",
					"$(inherited)",
				);
				GCC_WARN_64_TO_32_BIT_CONVERSION = YES;
				GCC_WARN_ABOUT_RETURN_TYPE = YES_ERROR;
				GCC_WARN_UNDECLARED_SELECTOR = YES;
				GCC_WARN_UNINITIALIZED_AUTOS = YES_AGGRESSIVE;
				GCC_WARN_UNUSED_FUNCTION = YES;
				GCC_WARN_UNUSED_VARIABLE = YES;
				IPHONEOS_DEPLOYMENT_TARGET = 12.1;
				MTL_ENABLE_DEBUG_INFO = INCLUDE_SOURCE;
				MTL_FAST_MATH = YES;
				ONLY_ACTIVE_ARCH = YES;
				SDKROOT = iphoneos;
				SWIFT_ACTIVE_COMPILATION_CONDITIONS = DEBUG;
				SWIFT_OPTIMIZATION_LEVEL = "-Onone";
			};
			name = Debug;
		};
		9B067ED3222DE2FC000E5653 /* Release */ = {
			isa = XCBuildConfiguration;
			buildSettings = {
				ALWAYS_SEARCH_USER_PATHS = NO;
				CLANG_ANALYZER_NONNULL = YES;
				CLANG_ANALYZER_NUMBER_OBJECT_CONVERSION = YES_AGGRESSIVE;
				CLANG_CXX_LANGUAGE_STANDARD = "gnu++14";
				CLANG_CXX_LIBRARY = "libc++";
				CLANG_ENABLE_MODULES = YES;
				CLANG_ENABLE_OBJC_ARC = YES;
				CLANG_ENABLE_OBJC_WEAK = YES;
				CLANG_WARN_BLOCK_CAPTURE_AUTORELEASING = YES;
				CLANG_WARN_BOOL_CONVERSION = YES;
				CLANG_WARN_COMMA = YES;
				CLANG_WARN_CONSTANT_CONVERSION = YES;
				CLANG_WARN_DEPRECATED_OBJC_IMPLEMENTATIONS = YES;
				CLANG_WARN_DIRECT_OBJC_ISA_USAGE = YES_ERROR;
				CLANG_WARN_DOCUMENTATION_COMMENTS = YES;
				CLANG_WARN_EMPTY_BODY = YES;
				CLANG_WARN_ENUM_CONVERSION = YES;
				CLANG_WARN_INFINITE_RECURSION = YES;
				CLANG_WARN_INT_CONVERSION = YES;
				CLANG_WARN_NON_LITERAL_NULL_CONVERSION = YES;
				CLANG_WARN_OBJC_IMPLICIT_RETAIN_SELF = YES;
				CLANG_WARN_OBJC_LITERAL_CONVERSION = YES;
				CLANG_WARN_OBJC_ROOT_CLASS = YES_ERROR;
				CLANG_WARN_RANGE_LOOP_ANALYSIS = YES;
				CLANG_WARN_STRICT_PROTOTYPES = YES;
				CLANG_WARN_SUSPICIOUS_MOVE = YES;
				CLANG_WARN_UNGUARDED_AVAILABILITY = YES_AGGRESSIVE;
				CLANG_WARN_UNREACHABLE_CODE = YES;
				CLANG_WARN__DUPLICATE_METHOD_MATCH = YES;
				CODE_SIGN_IDENTITY = "iPhone Developer";
				COPY_PHASE_STRIP = NO;
				DEBUG_INFORMATION_FORMAT = "dwarf-with-dsym";
				ENABLE_NS_ASSERTIONS = NO;
				ENABLE_STRICT_OBJC_MSGSEND = YES;
				GCC_C_LANGUAGE_STANDARD = gnu11;
				GCC_NO_COMMON_BLOCKS = YES;
				GCC_WARN_64_TO_32_BIT_CONVERSION = YES;
				GCC_WARN_ABOUT_RETURN_TYPE = YES_ERROR;
				GCC_WARN_UNDECLARED_SELECTOR = YES;
				GCC_WARN_UNINITIALIZED_AUTOS = YES_AGGRESSIVE;
				GCC_WARN_UNUSED_FUNCTION = YES;
				GCC_WARN_UNUSED_VARIABLE = YES;
				IPHONEOS_DEPLOYMENT_TARGET = 12.1;
				MTL_ENABLE_DEBUG_INFO = NO;
				MTL_FAST_MATH = YES;
				SDKROOT = iphoneos;
				SWIFT_COMPILATION_MODE = wholemodule;
				SWIFT_OPTIMIZATION_LEVEL = "-O";
				VALIDATE_PRODUCT = YES;
			};
			name = Release;
		};
		9B067ED5222DE2FC000E5653 /* Debug */ = {
			isa = XCBuildConfiguration;
			buildSettings = {
				ASSETCATALOG_COMPILER_APPICON_NAME = AppIcon;
				CODE_SIGN_IDENTITY = "iPhone Developer";
				CODE_SIGN_STYLE = Automatic;
				DEVELOPMENT_TEAM = "";
				INFOPLIST_FILE = Feedeos/Info.plist;
				LD_RUNPATH_SEARCH_PATHS = (
					"$(inherited)",
					"@executable_path/Frameworks",
				);
				PRODUCT_BUNDLE_IDENTIFIER = com.boqiancheng.www.Feedeos;
				PRODUCT_NAME = "$(TARGET_NAME)";
				PROVISIONING_PROFILE_SPECIFIER = "";
				SWIFT_VERSION = 4.2;
				TARGETED_DEVICE_FAMILY = "1,2";
			};
			name = Debug;
		};
		9B067ED6222DE2FC000E5653 /* Release */ = {
			isa = XCBuildConfiguration;
			buildSettings = {
				ASSETCATALOG_COMPILER_APPICON_NAME = AppIcon;
				CODE_SIGN_IDENTITY = "iPhone Developer";
				CODE_SIGN_STYLE = Automatic;
				DEVELOPMENT_TEAM = "";
				INFOPLIST_FILE = Feedeos/Info.plist;
				LD_RUNPATH_SEARCH_PATHS = (
					"$(inherited)",
					"@executable_path/Frameworks",
				);
				PRODUCT_BUNDLE_IDENTIFIER = com.boqiancheng.www.Feedeos;
				PRODUCT_NAME = "$(TARGET_NAME)";
				PROVISIONING_PROFILE_SPECIFIER = "";
				SWIFT_VERSION = 4.2;
				TARGETED_DEVICE_FAMILY = "1,2";
			};
			name = Release;
		};
/* End XCBuildConfiguration section */

/* Begin XCConfigurationList section */
		9B067EBD222DE2FA000E5653 /* Build configuration list for PBXProject "Feedeos" */ = {
			isa = XCConfigurationList;
			buildConfigurations = (
				9B067ED2222DE2FC000E5653 /* Debug */,
				9B067ED3222DE2FC000E5653 /* Release */,
			);
			defaultConfigurationIsVisible = 0;
			defaultConfigurationName = Release;
		};
		9B067ED4222DE2FC000E5653 /* Build configuration list for PBXNativeTarget "Feedeos" */ = {
			isa = XCConfigurationList;
			buildConfigurations = (
				9B067ED5222DE2FC000E5653 /* Debug */,
				9B067ED6222DE2FC000E5653 /* Release */,
			);
			defaultConfigurationIsVisible = 0;
			defaultConfigurationName = Release;
		};
/* End XCConfigurationList section */
	};
	rootObject = 9B067EBA222DE2FA000E5653 /* Project object */;
}
